
Microsoft Visual Studio Solution File, Format Version 12.00
# Visual Studio Version 16
VisualStudioVersion = 16.0.31515.178
MinimumVisualStudioVersion = 10.0.40219.1
Project("{2150E333-8FDC-42A3-9474-1A3956D46DE8}") = "src", "src", "{993CA498-2643-4BA2-908B-557255C20150}"
EndProject
Project("{2150E333-8FDC-42A3-9474-1A3956D46DE8}") = "tests", "tests", "{22A6D190-CE97-480F-87BB-9C026A8059A6}"
EndProject
Project("{2150E333-8FDC-42A3-9474-1A3956D46DE8}") = "Exam", "Exam", "{14464DFD-A33B-4B98-8DD5-FC869CAD56A2}"
EndProject
Project("{2150E333-8FDC-42A3-9474-1A3956D46DE8}") = "Identity", "Identity", "{54F867C9-639C-4856-8373-41D376CC3CAB}"
EndProject
Project("{2150E333-8FDC-42A3-9474-1A3956D46DE8}") = "BuildingBlocks", "BuildingBlocks", "{DB5E4D10-84A9-4A2C-9A71-B564C6ED16DE}"
EndProject
Project("{FAE04EC0-301F-11D3-BF4B-00C04F79EFBC}") = "Exam.API", "Exam.API\Exam.API.csproj", "{9FFFBF15-47EC-4E9F-B765-C14F20DDBCF5}"
EndProject
Project("{FAE04EC0-301F-11D3-BF4B-00C04F79EFBC}") = "Exam.Domain", "Exam.Domain\Exam.Domain.csproj", "{5EEE351E-5872-473A-BBD9-ADD3A01CD951}"
EndProject
Project("{FAE04EC0-301F-11D3-BF4B-00C04F79EFBC}") = "Exam.Infrastructure", "Exam.Infrastructure\Exam.Infrastructure.csproj", "{C1B95F2D-4438-407A-98BB-E7EB89141083}"
EndProject
Project("{FAE04EC0-301F-11D3-BF4B-00C04F79EFBC}") = "Identity.API", "Identity.API\Identity.API.csproj", "{A4B47D2C-61E6-41B5-BCF6-3DCDE2761632}"
EndProject
Project("{2150E333-8FDC-42A3-9474-1A3956D46DE8}") = "Exam", "Exam", "{405BFB89-B988-430C-9C04-3198E4A36B27}"
EndProject
Project("{2150E333-8FDC-42A3-9474-1A3956D46DE8}") = "Identity", "Identity", "{BBF2487A-7C00-4783-8B98-24E6E9C93AA6}"
EndProject
Project("{FAE04EC0-301F-11D3-BF4B-00C04F79EFBC}") = "Exam.Domain.UnitTests", "Exam.Domain.UnitTests\Exam.Domain.UnitTests.csproj", "{671A37C7-A666-4790-9F3E-C37B3D272CE2}"
EndProject
Project("{FAE04EC0-301F-11D3-BF4B-00C04F79EFBC}") = "Exam.API.IntefrationTests", "Exam.API.IntefrationTests\Exam.API.IntefrationTests.csproj", "{B2A9BDDB-D170-4826-89DA-71226F355004}"
EndProject
Project("{FAE04EC0-301F-11D3-BF4B-00C04F79EFBC}") = "Exam.Infrastructure.IntegrationTests", "Exam.Infrastructure.IntegrationTests\Exam.Infrastructure.IntegrationTests.csproj", "{FEA3811C-6914-4916-AB61-57398036A63F}"
EndProject
Project("{FAE04EC0-301F-11D3-BF4B-00C04F79EFBC}") = "Identity.API.IntegrationTests", "Identity.API.IntegrationTests\Identity.API.IntegrationTests.csproj", "{B476FA8D-6FD5-4BB4-BB0E-2B1A973E43C1}"
EndProject
Global
	GlobalSection(SolutionConfigurationPlatforms) = preSolution
		Debug|Any CPU = Debug|Any CPU
		Release|Any CPU = Release|Any CPU
	EndGlobalSection
	GlobalSection(ProjectConfigurationPlatforms) = postSolution
		{9FFFBF15-47EC-4E9F-B765-C14F20DDBCF5}.Debug|Any CPU.ActiveCfg = Debug|Any CPU
		{9FFFBF15-47EC-4E9F-B765-C14F20DDBCF5}.Debug|Any CPU.Build.0 = Debug|Any CPU
		{9FFFBF15-47EC-4E9F-B765-C14F20DDBCF5}.Release|Any CPU.ActiveCfg = Release|Any CPU
		{9FFFBF15-47EC-4E9F-B765-C14F20DDBCF5}.Release|Any CPU.Build.0 = Release|Any CPU
		{5EEE351E-5872-473A-BBD9-ADD3A01CD951}.Debug|Any CPU.ActiveCfg = Debug|Any CPU
		{5EEE351E-5872-473A-BBD9-ADD3A01CD951}.Debug|Any CPU.Build.0 = Debug|Any CPU
		{5EEE351E-5872-473A-BBD9-ADD3A01CD951}.Release|Any CPU.ActiveCfg = Release|Any CPU
		{5EEE351E-5872-473A-BBD9-ADD3A01CD951}.Release|Any CPU.Build.0 = Release|Any CPU
		{C1B95F2D-4438-407A-98BB-E7EB89141083}.Debug|Any CPU.ActiveCfg = Debug|Any CPU
		{C1B95F2D-4438-407A-98BB-E7EB89141083}.Debug|Any CPU.Build.0 = Debug|Any CPU
		{C1B95F2D-4438-407A-98BB-E7EB89141083}.Release|Any CPU.ActiveCfg = Release|Any CPU
		{C1B95F2D-4438-407A-98BB-E7EB89141083}.Release|Any CPU.Build.0 = Release|Any CPU
		{A4B47D2C-61E6-41B5-BCF6-3DCDE2761632}.Debug|Any CPU.ActiveCfg = Debug|Any CPU
		{A4B47D2C-61E6-41B5-BCF6-3DCDE2761632}.Debug|Any CPU.Build.0 = Debug|Any CPU
		{A4B47D2C-61E6-41B5-BCF6-3DCDE2761632}.Release|Any CPU.ActiveCfg = Release|Any CPU
		{A4B47D2C-61E6-41B5-BCF6-3DCDE2761632}.Release|Any CPU.Build.0 = Release|Any CPU
		{671A37C7-A666-4790-9F3E-C37B3D272CE2}.Debug|Any CPU.ActiveCfg = Debug|Any CPU
		{671A37C7-A666-4790-9F3E-C37B3D272CE2}.Debug|Any CPU.Build.0 = Debug|Any CPU
		{671A37C7-A666-4790-9F3E-C37B3D272CE2}.Release|Any CPU.ActiveCfg = Release|Any CPU
		{671A37C7-A666-4790-9F3E-C37B3D272CE2}.Release|Any CPU.Build.0 = Release|Any CPU
		{B2A9BDDB-D170-4826-89DA-71226F355004}.Debug|Any CPU.ActiveCfg = Debug|Any CPU
		{B2A9BDDB-D170-4826-89DA-71226F355004}.Debug|Any CPU.Build.0 = Debug|Any CPU
		{B2A9BDDB-D170-4826-89DA-71226F355004}.Release|Any CPU.ActiveCfg = Release|Any CPU
		{B2A9BDDB-D170-4826-89DA-71226F355004}.Release|Any CPU.Build.0 = Release|Any CPU
		{FEA3811C-6914-4916-AB61-57398036A63F}.Debug|Any CPU.ActiveCfg = Debug|Any CPU
		{FEA3811C-6914-4916-AB61-57398036A63F}.Debug|Any CPU.Build.0 = Debug|Any CPU
		{FEA3811C-6914-4916-AB61-57398036A63F}.Release|Any CPU.ActiveCfg = Release|Any CPU
		{FEA3811C-6914-4916-AB61-57398036A63F}.Release|Any CPU.Build.0 = Release|Any CPU
		{B476FA8D-6FD5-4BB4-BB0E-2B1A973E43C1}.Debug|Any CPU.ActiveCfg = Debug|Any CPU
		{B476FA8D-6FD5-4BB4-BB0E-2B1A973E43C1}.Debug|Any CPU.Build.0 = Debug|Any CPU
		{B476FA8D-6FD5-4BB4-BB0E-2B1A973E43C1}.Release|Any CPU.ActiveCfg = Release|Any CPU
		{B476FA8D-6FD5-4BB4-BB0E-2B1A973E43C1}.Release|Any CPU.Build.0 = Release|Any CPU
	EndGlobalSection
	GlobalSection(SolutionProperties) = preSolution
		HideSolutionNode = FALSE
	EndGlobalSection
	GlobalSection(NestedProjects) = preSolution
		{14464DFD-A33B-4B98-8DD5-FC869CAD56A2} = {993CA498-2643-4BA2-908B-557255C20150}
		{54F867C9-639C-4856-8373-41D376CC3CAB} = {993CA498-2643-4BA2-908B-557255C20150}
		{DB5E4D10-84A9-4A2C-9A71-B564C6ED16DE} = {993CA498-2643-4BA2-908B-557255C20150}
		{9FFFBF15-47EC-4E9F-B765-C14F20DDBCF5} = {14464DFD-A33B-4B98-8DD5-FC869CAD56A2}
		{5EEE351E-5872-473A-BBD9-ADD3A01CD951} = {14464DFD-A33B-4B98-8DD5-FC869CAD56A2}
		{C1B95F2D-4438-407A-98BB-E7EB89141083} = {14464DFD-A33B-4B98-8DD5-FC869CAD56A2}
		{A4B47D2C-61E6-41B5-BCF6-3DCDE2761632} = {54F867C9-639C-4856-8373-41D376CC3CAB}
		{405BFB89-B988-430C-9C04-3198E4A36B27} = {22A6D190-CE97-480F-87BB-9C026A8059A6}
		{BBF2487A-7C00-4783-8B98-24E6E9C93AA6} = {22A6D190-CE97-480F-87BB-9C026A8059A6}
		{671A37C7-A666-4790-9F3E-C37B3D272CE2} = {405BFB89-B988-430C-9C04-3198E4A36B27}
		{B2A9BDDB-D170-4826-89DA-71226F355004} = {405BFB89-B988-430C-9C04-3198E4A36B27}
		{FEA3811C-6914-4916-AB61-57398036A63F} = {405BFB89-B988-430C-9C04-3198E4A36B27}
		{B476FA8D-6FD5-4BB4-BB0E-2B1A973E43C1} = {BBF2487A-7C00-4783-8B98-24E6E9C93AA6}
	EndGlobalSection
	GlobalSection(ExtensibilityGlobals) = postSolution
		SolutionGuid = {05376858-CE23-47FF-A568-360292B2AF41}
	EndGlobalSection
EndGlobal
