
Microsoft Visual Studio Solution File, Format Version 12.00
# Visual Studio Version 16
VisualStudioVersion = 16.0.31515.178
MinimumVisualStudioVersion = 10.0.40219.1
Project("{2150E333-8FDC-42A3-9474-1A3956D46DE8}") = "src", "src", "{993CA498-2643-4BA2-908B-557255C20150}"
EndProject
Project("{2150E333-8FDC-42A3-9474-1A3956D46DE8}") = "tests", "tests", "{22A6D190-CE97-480F-87BB-9C026A8059A6}"
EndProject
Project("{2150E333-8FDC-42A3-9474-1A3956D46DE8}") = "Exam", "Exam", "{14464DFD-A33B-4B98-8DD5-FC869CAD56A2}"
EndProject
Project("{2150E333-8FDC-42A3-9474-1A3956D46DE8}") = "Identity", "Identity", "{54F867C9-639C-4856-8373-41D376CC3CAB}"
EndProject
Project("{2150E333-8FDC-42A3-9474-1A3956D46DE8}") = "BuildingBlocks", "BuildingBlocks", "{DB5E4D10-84A9-4A2C-9A71-B564C6ED16DE}"
EndProject
Project("{9A19103F-16F7-4668-BE54-9A1E7A4F7556}") = "Exam.API", "Exam.API\Exam.API.csproj", "{9FFFBF15-47EC-4E9F-B765-C14F20DDBCF5}"
EndProject
Project("{9A19103F-16F7-4668-BE54-9A1E7A4F7556}") = "Exam.Domain", "Exam.Domain\Exam.Domain.csproj", "{5EEE351E-5872-473A-BBD9-ADD3A01CD951}"
EndProject
Project("{9A19103F-16F7-4668-BE54-9A1E7A4F7556}") = "Exam.Infrastructure", "Exam.Infrastructure\Exam.Infrastructure.csproj", "{C1B95F2D-4438-407A-98BB-E7EB89141083}"
EndProject
Project("{2150E333-8FDC-42A3-9474-1A3956D46DE8}") = "Exam", "Exam", "{405BFB89-B988-430C-9C04-3198E4A36B27}"
EndProject
Project("{2150E333-8FDC-42A3-9474-1A3956D46DE8}") = "Identity", "Identity", "{BBF2487A-7C00-4783-8B98-24E6E9C93AA6}"
EndProject
Project("{9A19103F-16F7-4668-BE54-9A1E7A4F7556}") = "Exam.Domain.UnitTests", "Exam.Domain.UnitTests\Exam.Domain.UnitTests.csproj", "{671A37C7-A666-4790-9F3E-C37B3D272CE2}"
EndProject
Project("{9A19103F-16F7-4668-BE54-9A1E7A4F7556}") = "Exam.API.IntefrationTests", "Exam.API.IntefrationTests\Exam.API.IntefrationTests.csproj", "{B2A9BDDB-D170-4826-89DA-71226F355004}"
EndProject
Project("{9A19103F-16F7-4668-BE54-9A1E7A4F7556}") = "Exam.Infrastructure.IntegrationTests", "Exam.Infrastructure.IntegrationTests\Exam.Infrastructure.IntegrationTests.csproj", "{FEA3811C-6914-4916-AB61-57398036A63F}"
EndProject
Project("{9A19103F-16F7-4668-BE54-9A1E7A4F7556}") = "Identity.API.IntegrationTests", "Identity.API.IntegrationTests\Identity.API.IntegrationTests.csproj", "{B476FA8D-6FD5-4BB4-BB0E-2B1A973E43C1}"
EndProject
Project("{2150E333-8FDC-42A3-9474-1A3956D46DE8}") = "Common", "Common", "{FA6C1E65-4789-4048-9DD3-DED8315F32BF}"
EndProject
Project("{9A19103F-16F7-4668-BE54-9A1E7A4F7556}") = "Exam.Common", "Exam.Common\Exam.Common.csproj", "{39BADBFA-F51A-4F3A-9EFB-1DC5087D5C62}"
EndProject
Project("{2150E333-8FDC-42A3-9474-1A3956D46DE8}") = "Web Apps", "Web Apps", "{9DDE9F40-BC61-4A00-8F47-8E3A2EDE04A8}"
EndProject
Project("{2150E333-8FDC-42A3-9474-1A3956D46DE8}") = "ApiGateways", "ApiGateways", "{CEEAD6D9-E286-4D45-B5C5-859A1D7CD5AA}"
EndProject
Project("{9A19103F-16F7-4668-BE54-9A1E7A4F7556}") = "Identity.Admin", "Identity.Admin\Identity.Admin.csproj", "{98B7BC2F-9704-4CAF-AB2F-0B3E8B337C06}"
EndProject
Project("{9A19103F-16F7-4668-BE54-9A1E7A4F7556}") = "Identity.BusinessLogic", "Identity.BusinessLogic\Identity.BusinessLogic.csproj", "{F235318C-B16E-4C28-BBAD-F12C735A82D2}"
EndProject
Project("{9A19103F-16F7-4668-BE54-9A1E7A4F7556}") = "Identity.BusinessLogic.Identity", "Identity.BusinessLogic.Identity\Identity.BusinessLogic.Identity.csproj", "{4E858170-AD95-47A8-8CF7-894006CA8659}"
EndProject
Project("{9A19103F-16F7-4668-BE54-9A1E7A4F7556}") = "Identity.BusinessLogic.Shared", "Identity.BusinessLogic.Shared\Identity.BusinessLogic.Shared.csproj", "{0F3031FF-39A5-4739-B14A-460CD7B136D3}"
EndProject
Project("{9A19103F-16F7-4668-BE54-9A1E7A4F7556}") = "Identity.EntityFramework", "Identity.EntityFramework\Identity.EntityFramework.csproj", "{89AF8AF0-9766-41BC-BE7E-DA9AC8F4CF1C}"
EndProject
Project("{9A19103F-16F7-4668-BE54-9A1E7A4F7556}") = "Identity.EntityFramework.Configuration", "Identity.EntityFramework.Configuration\Identity.EntityFramework.Configuration.csproj", "{24C17358-F5B7-4872-865D-66382A347070}"
EndProject
Project("{9A19103F-16F7-4668-BE54-9A1E7A4F7556}") = "Identity.EntityFramework.Extensions", "Identity.EntityFramework.Extensions\Identity.EntityFramework.Extensions.csproj", "{5F080F9C-8D69-484F-A954-C467E9AB23F1}"
EndProject
Project("{9A19103F-16F7-4668-BE54-9A1E7A4F7556}") = "Identity.EntityFramework.Identity", "Identity.EntityFramework.Identity\Identity.EntityFramework.Identity.csproj", "{0C913C77-172C-4D5D-8195-3F9AA4941F8B}"
EndProject
Project("{9A19103F-16F7-4668-BE54-9A1E7A4F7556}") = "Identity.EntityFramework.Shared", "Identity.EntityFramework.Shared\Identity.EntityFramework.Shared.csproj", "{F0F6402D-0F11-4BC7-8A4D-28BC84D5F0B2}"
EndProject
Project("{9A19103F-16F7-4668-BE54-9A1E7A4F7556}") = "Identity.EntityFramework.SqlServer", "Identity.EntityFramework.SqlServer\Identity.EntityFramework.SqlServer.csproj", "{872BC580-EBFB-4665-A089-B8CE0CEE436F}"
EndProject
Project("{9A19103F-16F7-4668-BE54-9A1E7A4F7556}") = "Identity.Shared", "Identity.Shared\Identity.Shared.csproj", "{B8A2CE14-FCD3-4352-814E-47D5A1F32776}"
EndProject
Project("{9A19103F-16F7-4668-BE54-9A1E7A4F7556}") = "Identity.Shared.Configuration", "Identity.Shared.Configuration\Identity.Shared.Configuration.csproj", "{5AC88496-7DB2-44EF-9F86-45BFCD56BF2B}"
EndProject
Project("{9A19103F-16F7-4668-BE54-9A1E7A4F7556}") = "Identity.UI", "Identity.UI\Identity.UI.csproj", "{29D5F397-C474-4440-B035-9905EAF3E759}"
EndProject
Project("{9A19103F-16F7-4668-BE54-9A1E7A4F7556}") = "Identity.STS.Identity", "Identity.STS.Identity\Identity.STS.Identity.csproj", "{E1793C12-B9FD-4F73-813A-66F7D7D9B1B6}"
EndProject
Project("{9A19103F-16F7-4668-BE54-9A1E7A4F7556}") = "AdminApp", "AdminApp\AdminApp.csproj", "{50631DC4-6C47-4823-98B3-62A5299DCD58}"
EndProject
Global
	GlobalSection(SolutionConfigurationPlatforms) = preSolution
		Debug|Any CPU = Debug|Any CPU
		Release|Any CPU = Release|Any CPU
	EndGlobalSection
	GlobalSection(ProjectConfigurationPlatforms) = postSolution
		{9FFFBF15-47EC-4E9F-B765-C14F20DDBCF5}.Debug|Any CPU.ActiveCfg = Debug|Any CPU
		{9FFFBF15-47EC-4E9F-B765-C14F20DDBCF5}.Debug|Any CPU.Build.0 = Debug|Any CPU
		{9FFFBF15-47EC-4E9F-B765-C14F20DDBCF5}.Release|Any CPU.ActiveCfg = Release|Any CPU
		{9FFFBF15-47EC-4E9F-B765-C14F20DDBCF5}.Release|Any CPU.Build.0 = Release|Any CPU
		{5EEE351E-5872-473A-BBD9-ADD3A01CD951}.Debug|Any CPU.ActiveCfg = Debug|Any CPU
		{5EEE351E-5872-473A-BBD9-ADD3A01CD951}.Debug|Any CPU.Build.0 = Debug|Any CPU
		{5EEE351E-5872-473A-BBD9-ADD3A01CD951}.Release|Any CPU.ActiveCfg = Release|Any CPU
		{5EEE351E-5872-473A-BBD9-ADD3A01CD951}.Release|Any CPU.Build.0 = Release|Any CPU
		{C1B95F2D-4438-407A-98BB-E7EB89141083}.Debug|Any CPU.ActiveCfg = Debug|Any CPU
		{C1B95F2D-4438-407A-98BB-E7EB89141083}.Debug|Any CPU.Build.0 = Debug|Any CPU
		{C1B95F2D-4438-407A-98BB-E7EB89141083}.Release|Any CPU.ActiveCfg = Release|Any CPU
		{C1B95F2D-4438-407A-98BB-E7EB89141083}.Release|Any CPU.Build.0 = Release|Any CPU
		{671A37C7-A666-4790-9F3E-C37B3D272CE2}.Debug|Any CPU.ActiveCfg = Debug|Any CPU
		{671A37C7-A666-4790-9F3E-C37B3D272CE2}.Debug|Any CPU.Build.0 = Debug|Any CPU
		{671A37C7-A666-4790-9F3E-C37B3D272CE2}.Release|Any CPU.ActiveCfg = Release|Any CPU
		{671A37C7-A666-4790-9F3E-C37B3D272CE2}.Release|Any CPU.Build.0 = Release|Any CPU
		{B2A9BDDB-D170-4826-89DA-71226F355004}.Debug|Any CPU.ActiveCfg = Debug|Any CPU
		{B2A9BDDB-D170-4826-89DA-71226F355004}.Debug|Any CPU.Build.0 = Debug|Any CPU
		{B2A9BDDB-D170-4826-89DA-71226F355004}.Release|Any CPU.ActiveCfg = Release|Any CPU
		{B2A9BDDB-D170-4826-89DA-71226F355004}.Release|Any CPU.Build.0 = Release|Any CPU
		{FEA3811C-6914-4916-AB61-57398036A63F}.Debug|Any CPU.ActiveCfg = Debug|Any CPU
		{FEA3811C-6914-4916-AB61-57398036A63F}.Debug|Any CPU.Build.0 = Debug|Any CPU
		{FEA3811C-6914-4916-AB61-57398036A63F}.Release|Any CPU.ActiveCfg = Release|Any CPU
		{FEA3811C-6914-4916-AB61-57398036A63F}.Release|Any CPU.Build.0 = Release|Any CPU
		{B476FA8D-6FD5-4BB4-BB0E-2B1A973E43C1}.Debug|Any CPU.ActiveCfg = Debug|Any CPU
		{B476FA8D-6FD5-4BB4-BB0E-2B1A973E43C1}.Debug|Any CPU.Build.0 = Debug|Any CPU
		{B476FA8D-6FD5-4BB4-BB0E-2B1A973E43C1}.Release|Any CPU.ActiveCfg = Release|Any CPU
		{B476FA8D-6FD5-4BB4-BB0E-2B1A973E43C1}.Release|Any CPU.Build.0 = Release|Any CPU
		{39BADBFA-F51A-4F3A-9EFB-1DC5087D5C62}.Debug|Any CPU.ActiveCfg = Debug|Any CPU
		{39BADBFA-F51A-4F3A-9EFB-1DC5087D5C62}.Debug|Any CPU.Build.0 = Debug|Any CPU
		{39BADBFA-F51A-4F3A-9EFB-1DC5087D5C62}.Release|Any CPU.ActiveCfg = Release|Any CPU
		{39BADBFA-F51A-4F3A-9EFB-1DC5087D5C62}.Release|Any CPU.Build.0 = Release|Any CPU
		{98B7BC2F-9704-4CAF-AB2F-0B3E8B337C06}.Debug|Any CPU.ActiveCfg = Debug|Any CPU
		{98B7BC2F-9704-4CAF-AB2F-0B3E8B337C06}.Debug|Any CPU.Build.0 = Debug|Any CPU
		{98B7BC2F-9704-4CAF-AB2F-0B3E8B337C06}.Release|Any CPU.ActiveCfg = Release|Any CPU
		{98B7BC2F-9704-4CAF-AB2F-0B3E8B337C06}.Release|Any CPU.Build.0 = Release|Any CPU
		{F235318C-B16E-4C28-BBAD-F12C735A82D2}.Debug|Any CPU.ActiveCfg = Debug|Any CPU
		{F235318C-B16E-4C28-BBAD-F12C735A82D2}.Debug|Any CPU.Build.0 = Debug|Any CPU
		{F235318C-B16E-4C28-BBAD-F12C735A82D2}.Release|Any CPU.ActiveCfg = Release|Any CPU
		{F235318C-B16E-4C28-BBAD-F12C735A82D2}.Release|Any CPU.Build.0 = Release|Any CPU
		{4E858170-AD95-47A8-8CF7-894006CA8659}.Debug|Any CPU.ActiveCfg = Debug|Any CPU
		{4E858170-AD95-47A8-8CF7-894006CA8659}.Debug|Any CPU.Build.0 = Debug|Any CPU
		{4E858170-AD95-47A8-8CF7-894006CA8659}.Release|Any CPU.ActiveCfg = Release|Any CPU
		{4E858170-AD95-47A8-8CF7-894006CA8659}.Release|Any CPU.Build.0 = Release|Any CPU
		{0F3031FF-39A5-4739-B14A-460CD7B136D3}.Debug|Any CPU.ActiveCfg = Debug|Any CPU
		{0F3031FF-39A5-4739-B14A-460CD7B136D3}.Debug|Any CPU.Build.0 = Debug|Any CPU
		{0F3031FF-39A5-4739-B14A-460CD7B136D3}.Release|Any CPU.ActiveCfg = Release|Any CPU
		{0F3031FF-39A5-4739-B14A-460CD7B136D3}.Release|Any CPU.Build.0 = Release|Any CPU
		{89AF8AF0-9766-41BC-BE7E-DA9AC8F4CF1C}.Debug|Any CPU.ActiveCfg = Debug|Any CPU
		{89AF8AF0-9766-41BC-BE7E-DA9AC8F4CF1C}.Debug|Any CPU.Build.0 = Debug|Any CPU
		{89AF8AF0-9766-41BC-BE7E-DA9AC8F4CF1C}.Release|Any CPU.ActiveCfg = Release|Any CPU
		{89AF8AF0-9766-41BC-BE7E-DA9AC8F4CF1C}.Release|Any CPU.Build.0 = Release|Any CPU
		{24C17358-F5B7-4872-865D-66382A347070}.Debug|Any CPU.ActiveCfg = Debug|Any CPU
		{24C17358-F5B7-4872-865D-66382A347070}.Debug|Any CPU.Build.0 = Debug|Any CPU
		{24C17358-F5B7-4872-865D-66382A347070}.Release|Any CPU.ActiveCfg = Release|Any CPU
		{24C17358-F5B7-4872-865D-66382A347070}.Release|Any CPU.Build.0 = Release|Any CPU
		{5F080F9C-8D69-484F-A954-C467E9AB23F1}.Debug|Any CPU.ActiveCfg = Debug|Any CPU
		{5F080F9C-8D69-484F-A954-C467E9AB23F1}.Debug|Any CPU.Build.0 = Debug|Any CPU
		{5F080F9C-8D69-484F-A954-C467E9AB23F1}.Release|Any CPU.ActiveCfg = Release|Any CPU
		{5F080F9C-8D69-484F-A954-C467E9AB23F1}.Release|Any CPU.Build.0 = Release|Any CPU
		{0C913C77-172C-4D5D-8195-3F9AA4941F8B}.Debug|Any CPU.ActiveCfg = Debug|Any CPU
		{0C913C77-172C-4D5D-8195-3F9AA4941F8B}.Debug|Any CPU.Build.0 = Debug|Any CPU
		{0C913C77-172C-4D5D-8195-3F9AA4941F8B}.Release|Any CPU.ActiveCfg = Release|Any CPU
		{0C913C77-172C-4D5D-8195-3F9AA4941F8B}.Release|Any CPU.Build.0 = Release|Any CPU
		{F0F6402D-0F11-4BC7-8A4D-28BC84D5F0B2}.Debug|Any CPU.ActiveCfg = Debug|Any CPU
		{F0F6402D-0F11-4BC7-8A4D-28BC84D5F0B2}.Debug|Any CPU.Build.0 = Debug|Any CPU
		{F0F6402D-0F11-4BC7-8A4D-28BC84D5F0B2}.Release|Any CPU.ActiveCfg = Release|Any CPU
		{F0F6402D-0F11-4BC7-8A4D-28BC84D5F0B2}.Release|Any CPU.Build.0 = Release|Any CPU
		{872BC580-EBFB-4665-A089-B8CE0CEE436F}.Debug|Any CPU.ActiveCfg = Debug|Any CPU
		{872BC580-EBFB-4665-A089-B8CE0CEE436F}.Debug|Any CPU.Build.0 = Debug|Any CPU
		{872BC580-EBFB-4665-A089-B8CE0CEE436F}.Release|Any CPU.ActiveCfg = Release|Any CPU
		{872BC580-EBFB-4665-A089-B8CE0CEE436F}.Release|Any CPU.Build.0 = Release|Any CPU
		{B8A2CE14-FCD3-4352-814E-47D5A1F32776}.Debug|Any CPU.ActiveCfg = Debug|Any CPU
		{B8A2CE14-FCD3-4352-814E-47D5A1F32776}.Debug|Any CPU.Build.0 = Debug|Any CPU
		{B8A2CE14-FCD3-4352-814E-47D5A1F32776}.Release|Any CPU.ActiveCfg = Release|Any CPU
		{B8A2CE14-FCD3-4352-814E-47D5A1F32776}.Release|Any CPU.Build.0 = Release|Any CPU
		{5AC88496-7DB2-44EF-9F86-45BFCD56BF2B}.Debug|Any CPU.ActiveCfg = Debug|Any CPU
		{5AC88496-7DB2-44EF-9F86-45BFCD56BF2B}.Debug|Any CPU.Build.0 = Debug|Any CPU
		{5AC88496-7DB2-44EF-9F86-45BFCD56BF2B}.Release|Any CPU.ActiveCfg = Release|Any CPU
		{5AC88496-7DB2-44EF-9F86-45BFCD56BF2B}.Release|Any CPU.Build.0 = Release|Any CPU
		{29D5F397-C474-4440-B035-9905EAF3E759}.Debug|Any CPU.ActiveCfg = Debug|Any CPU
		{29D5F397-C474-4440-B035-9905EAF3E759}.Debug|Any CPU.Build.0 = Debug|Any CPU
		{29D5F397-C474-4440-B035-9905EAF3E759}.Release|Any CPU.ActiveCfg = Release|Any CPU
		{29D5F397-C474-4440-B035-9905EAF3E759}.Release|Any CPU.Build.0 = Release|Any CPU
		{E1793C12-B9FD-4F73-813A-66F7D7D9B1B6}.Debug|Any CPU.ActiveCfg = Debug|Any CPU
		{E1793C12-B9FD-4F73-813A-66F7D7D9B1B6}.Debug|Any CPU.Build.0 = Debug|Any CPU
		{E1793C12-B9FD-4F73-813A-66F7D7D9B1B6}.Release|Any CPU.ActiveCfg = Release|Any CPU
		{E1793C12-B9FD-4F73-813A-66F7D7D9B1B6}.Release|Any CPU.Build.0 = Release|Any CPU
		{50631DC4-6C47-4823-98B3-62A5299DCD58}.Debug|Any CPU.ActiveCfg = Debug|Any CPU
		{50631DC4-6C47-4823-98B3-62A5299DCD58}.Debug|Any CPU.Build.0 = Debug|Any CPU
		{50631DC4-6C47-4823-98B3-62A5299DCD58}.Release|Any CPU.ActiveCfg = Release|Any CPU
		{50631DC4-6C47-4823-98B3-62A5299DCD58}.Release|Any CPU.Build.0 = Release|Any CPU
	EndGlobalSection
	GlobalSection(SolutionProperties) = preSolution
		HideSolutionNode = FALSE
	EndGlobalSection
	GlobalSection(NestedProjects) = preSolution
		{14464DFD-A33B-4B98-8DD5-FC869CAD56A2} = {993CA498-2643-4BA2-908B-557255C20150}
		{54F867C9-639C-4856-8373-41D376CC3CAB} = {993CA498-2643-4BA2-908B-557255C20150}
		{DB5E4D10-84A9-4A2C-9A71-B564C6ED16DE} = {993CA498-2643-4BA2-908B-557255C20150}
		{9FFFBF15-47EC-4E9F-B765-C14F20DDBCF5} = {14464DFD-A33B-4B98-8DD5-FC869CAD56A2}
		{5EEE351E-5872-473A-BBD9-ADD3A01CD951} = {14464DFD-A33B-4B98-8DD5-FC869CAD56A2}
		{C1B95F2D-4438-407A-98BB-E7EB89141083} = {14464DFD-A33B-4B98-8DD5-FC869CAD56A2}
		{405BFB89-B988-430C-9C04-3198E4A36B27} = {22A6D190-CE97-480F-87BB-9C026A8059A6}
		{BBF2487A-7C00-4783-8B98-24E6E9C93AA6} = {22A6D190-CE97-480F-87BB-9C026A8059A6}
		{671A37C7-A666-4790-9F3E-C37B3D272CE2} = {405BFB89-B988-430C-9C04-3198E4A36B27}
		{B2A9BDDB-D170-4826-89DA-71226F355004} = {405BFB89-B988-430C-9C04-3198E4A36B27}
		{FEA3811C-6914-4916-AB61-57398036A63F} = {405BFB89-B988-430C-9C04-3198E4A36B27}
		{B476FA8D-6FD5-4BB4-BB0E-2B1A973E43C1} = {BBF2487A-7C00-4783-8B98-24E6E9C93AA6}
		{FA6C1E65-4789-4048-9DD3-DED8315F32BF} = {DB5E4D10-84A9-4A2C-9A71-B564C6ED16DE}
		{39BADBFA-F51A-4F3A-9EFB-1DC5087D5C62} = {FA6C1E65-4789-4048-9DD3-DED8315F32BF}
		{9DDE9F40-BC61-4A00-8F47-8E3A2EDE04A8} = {993CA498-2643-4BA2-908B-557255C20150}
		{CEEAD6D9-E286-4D45-B5C5-859A1D7CD5AA} = {993CA498-2643-4BA2-908B-557255C20150}
		{98B7BC2F-9704-4CAF-AB2F-0B3E8B337C06} = {54F867C9-639C-4856-8373-41D376CC3CAB}
		{F235318C-B16E-4C28-BBAD-F12C735A82D2} = {54F867C9-639C-4856-8373-41D376CC3CAB}
		{4E858170-AD95-47A8-8CF7-894006CA8659} = {54F867C9-639C-4856-8373-41D376CC3CAB}
		{0F3031FF-39A5-4739-B14A-460CD7B136D3} = {54F867C9-639C-4856-8373-41D376CC3CAB}
		{89AF8AF0-9766-41BC-BE7E-DA9AC8F4CF1C} = {54F867C9-639C-4856-8373-41D376CC3CAB}
		{24C17358-F5B7-4872-865D-66382A347070} = {54F867C9-639C-4856-8373-41D376CC3CAB}
		{5F080F9C-8D69-484F-A954-C467E9AB23F1} = {54F867C9-639C-4856-8373-41D376CC3CAB}
		{0C913C77-172C-4D5D-8195-3F9AA4941F8B} = {54F867C9-639C-4856-8373-41D376CC3CAB}
		{F0F6402D-0F11-4BC7-8A4D-28BC84D5F0B2} = {54F867C9-639C-4856-8373-41D376CC3CAB}
		{872BC580-EBFB-4665-A089-B8CE0CEE436F} = {54F867C9-639C-4856-8373-41D376CC3CAB}
		{B8A2CE14-FCD3-4352-814E-47D5A1F32776} = {54F867C9-639C-4856-8373-41D376CC3CAB}
		{5AC88496-7DB2-44EF-9F86-45BFCD56BF2B} = {54F867C9-639C-4856-8373-41D376CC3CAB}
		{29D5F397-C474-4440-B035-9905EAF3E759} = {54F867C9-639C-4856-8373-41D376CC3CAB}
		{E1793C12-B9FD-4F73-813A-66F7D7D9B1B6} = {54F867C9-639C-4856-8373-41D376CC3CAB}
		{50631DC4-6C47-4823-98B3-62A5299DCD58} = {9DDE9F40-BC61-4A00-8F47-8E3A2EDE04A8}
	EndGlobalSection
	GlobalSection(ExtensibilityGlobals) = postSolution
		SolutionGuid = {05376858-CE23-47FF-A568-360292B2AF41}
	EndGlobalSection
EndGlobal
